// !$*UTF8*$!
{
	archiveVersion = 1;
	classes = {
	};
	objectVersion = 46;
	objects = {

/* Begin PBXBuildFile section */
		5E0B5B571DB5D15200565BAC /* ClothingUITests.m in Sources */ = {isa = PBXBuildFile; fileRef = 5E0B5B561DB5D15200565BAC /* ClothingUITests.m */; };
		5E0B5B771DB5D1CD00565BAC /* AppDelegate.m in Sources */ = {isa = PBXBuildFile; fileRef = 5E0B5B661DB5D1CD00565BAC /* AppDelegate.m */; };
		5E0B5B791DB5D1CD00565BAC /* Assets.xcassets in Resources */ = {isa = PBXBuildFile; fileRef = 5E0B5B6E1DB5D1CD00565BAC /* Assets.xcassets */; };
		5E0B5B7A1DB5D1CD00565BAC /* LaunchScreen.storyboard in Resources */ = {isa = PBXBuildFile; fileRef = 5E0B5B701DB5D1CD00565BAC /* LaunchScreen.storyboard */; };
		5E0B5B7B1DB5D1CD00565BAC /* Main.storyboard in Resources */ = {isa = PBXBuildFile; fileRef = 5E0B5B721DB5D1CD00565BAC /* Main.storyboard */; };
		5E0B5B7D1DB5D1CD00565BAC /* main.m in Sources */ = {isa = PBXBuildFile; fileRef = 5E0B5B761DB5D1CD00565BAC /* main.m */; };
		5E0B5B821DB5D27900565BAC /* AppDependencies.swift in Sources */ = {isa = PBXBuildFile; fileRef = 5E0B5B811DB5D27900565BAC /* AppDependencies.swift */; };
		5E0B5BA51DB609E000565BAC /* NetworkConstant.swift in Sources */ = {isa = PBXBuildFile; fileRef = 5E0B5BA01DB609E000565BAC /* NetworkConstant.swift */; };
		5E0B5BA61DB609E000565BAC /* NetworkDownloader.swift in Sources */ = {isa = PBXBuildFile; fileRef = 5E0B5BA11DB609E000565BAC /* NetworkDownloader.swift */; };
		5E0B5BA71DB609E000565BAC /* NetworkManager.swift in Sources */ = {isa = PBXBuildFile; fileRef = 5E0B5BA21DB609E000565BAC /* NetworkManager.swift */; };
		5E0B5BA81DB609E000565BAC /* RootRouter.swift in Sources */ = {isa = PBXBuildFile; fileRef = 5E0B5BA41DB609E000565BAC /* RootRouter.swift */; };
		5E0B5BAE1DB610C300565BAC /* Clothing.xcdatamodeld in Sources */ = {isa = PBXBuildFile; fileRef = 5E0B5BAC1DB610C300565BAC /* Clothing.xcdatamodeld */; };
		5E0B5BB01DB611EE00565BAC /* CoreDataStore.swift in Sources */ = {isa = PBXBuildFile; fileRef = 5E0B5BAF1DB611EE00565BAC /* CoreDataStore.swift */; };
		5E0B5BBE1DB6129500565BAC /* ManagedPrice.swift in Sources */ = {isa = PBXBuildFile; fileRef = 5E0B5BBA1DB6129500565BAC /* ManagedPrice.swift */; };
		5E0B5BC01DB6129500565BAC /* ManagedProduct.swift in Sources */ = {isa = PBXBuildFile; fileRef = 5E0B5BBC1DB6129500565BAC /* ManagedProduct.swift */; };
		5E0B5BC31DB6190100565BAC /* CoreDataOperator.swift in Sources */ = {isa = PBXBuildFile; fileRef = 5E0B5BC21DB6190100565BAC /* CoreDataOperator.swift */; };
		5E0B5BC51DB61B9700565BAC /* Product.swift in Sources */ = {isa = PBXBuildFile; fileRef = 5E0B5BC41DB61B9700565BAC /* Product.swift */; };
		5E0B5BCD1DB6290E00565BAC /* Mapping.swift in Sources */ = {isa = PBXBuildFile; fileRef = 5E0B5BCC1DB6290E00565BAC /* Mapping.swift */; };
		5E0B5BCF1DB6292400565BAC /* ProductParser.swift in Sources */ = {isa = PBXBuildFile; fileRef = 5E0B5BCE1DB6292400565BAC /* ProductParser.swift */; };
		5E11A0741DB7D0F800FC4AA9 /* StoryboardTests.swift in Sources */ = {isa = PBXBuildFile; fileRef = 5E11A06E1DB7D0F800FC4AA9 /* StoryboardTests.swift */; };
		5E11A0751DB7D0F800FC4AA9 /* UtilityTests.swift in Sources */ = {isa = PBXBuildFile; fileRef = 5E11A0701DB7D0F800FC4AA9 /* UtilityTests.swift */; };
		5E11A0771DB7D16C00FC4AA9 /* SummaryViewControllerTests.swift in Sources */ = {isa = PBXBuildFile; fileRef = 5E11A0761DB7D16C00FC4AA9 /* SummaryViewControllerTests.swift */; };
		5E11A0791DB7D48500FC4AA9 /* SummaryViewTests.swift in Sources */ = {isa = PBXBuildFile; fileRef = 5E11A0781DB7D48500FC4AA9 /* SummaryViewTests.swift */; };
		5E6B7BFB1DB9186E00B14365 /* Utility.swift in Sources */ = {isa = PBXBuildFile; fileRef = 5E6B7BF91DB9186E00B14365 /* Utility.swift */; };
		5E6B7BFD1DB9188E00B14365 /* UIImage.swift in Sources */ = {isa = PBXBuildFile; fileRef = 5E6B7BFC1DB9188E00B14365 /* UIImage.swift */; };
		E165E8E01DD3794F00657E6C /* UIStoryboard.swift in Sources */ = {isa = PBXBuildFile; fileRef = E165E8DF1DD3794F00657E6C /* UIStoryboard.swift */; };
		E165E8E21DD3E71B00657E6C /* UICollectionView.swift in Sources */ = {isa = PBXBuildFile; fileRef = E165E8E11DD3E71B00657E6C /* UICollectionView.swift */; };
		E165E8E71DD4584D00657E6C /* SummaryDetailProtocol.swift in Sources */ = {isa = PBXBuildFile; fileRef = E165E8E61DD4584D00657E6C /* SummaryDetailProtocol.swift */; };
		E165E8E91DD45B2400657E6C /* SummaryDetailPresenter.swift in Sources */ = {isa = PBXBuildFile; fileRef = E165E8E81DD45B2400657E6C /* SummaryDetailPresenter.swift */; };
		E165E8EB1DD4690200657E6C /* SummaryDetailInteractor.swift in Sources */ = {isa = PBXBuildFile; fileRef = E165E8EA1DD4690200657E6C /* SummaryDetailInteractor.swift */; };
		E165E8ED1DD469A400657E6C /* SummaryDetailDataManager.swift in Sources */ = {isa = PBXBuildFile; fileRef = E165E8EC1DD469A400657E6C /* SummaryDetailDataManager.swift */; };
		E165E8EF1DD6250B00657E6C /* NSEntityDescription.swift in Sources */ = {isa = PBXBuildFile; fileRef = E165E8EE1DD6250B00657E6C /* NSEntityDescription.swift */; };
		E165E8F11DD9A6F800657E6C /* NSSortDescriptor.swift in Sources */ = {isa = PBXBuildFile; fileRef = E165E8F01DD9A6F800657E6C /* NSSortDescriptor.swift */; };
		E1B566CD1DCB8B0E00CCE3F3 /* SummaryListDataManager.swift in Sources */ = {isa = PBXBuildFile; fileRef = E1B566BB1DCB8B0E00CCE3F3 /* SummaryListDataManager.swift */; };
		E1B566CE1DCB8B0E00CCE3F3 /* SummaryListDataStoreConvenience.swift in Sources */ = {isa = PBXBuildFile; fileRef = E1B566BC1DCB8B0E00CCE3F3 /* SummaryListDataStoreConvenience.swift */; };
		E1B566CF1DCB8B0E00CCE3F3 /* SummaryListInteractor.swift in Sources */ = {isa = PBXBuildFile; fileRef = E1B566BD1DCB8B0E00CCE3F3 /* SummaryListInteractor.swift */; };
		E1B566D01DCB8B0E00CCE3F3 /* SummaryListNetworkConvenience.swift in Sources */ = {isa = PBXBuildFile; fileRef = E1B566BE1DCB8B0E00CCE3F3 /* SummaryListNetworkConvenience.swift */; };
		E1B566D11DCB8B0E00CCE3F3 /* SummaryProduct.swift in Sources */ = {isa = PBXBuildFile; fileRef = E1B566BF1DCB8B0E00CCE3F3 /* SummaryProduct.swift */; };
		E1B566D21DCB8B0E00CCE3F3 /* SummaryListPresenter.swift in Sources */ = {isa = PBXBuildFile; fileRef = E1B566C11DCB8B0E00CCE3F3 /* SummaryListPresenter.swift */; };
		E1B566D31DCB8B0E00CCE3F3 /* SummaryListProtocol.swift in Sources */ = {isa = PBXBuildFile; fileRef = E1B566C31DCB8B0E00CCE3F3 /* SummaryListProtocol.swift */; };
		E1B566D41DCB8B0E00CCE3F3 /* SummaryListRouter.swift in Sources */ = {isa = PBXBuildFile; fileRef = E1B566C51DCB8B0E00CCE3F3 /* SummaryListRouter.swift */; };
		E1B566D51DCB8B0E00CCE3F3 /* SummaryListCollectionViewLayout.swift in Sources */ = {isa = PBXBuildFile; fileRef = E1B566C81DCB8B0E00CCE3F3 /* SummaryListCollectionViewLayout.swift */; };
		E1B566D61DCB8B0E00CCE3F3 /* SummaryListCollectionViewLayoutAttributes.swift in Sources */ = {isa = PBXBuildFile; fileRef = E1B566C91DCB8B0E00CCE3F3 /* SummaryListCollectionViewLayoutAttributes.swift */; };
		E1B566D71DCB8B0E00CCE3F3 /* SummaryListCollectionViewCell.swift in Sources */ = {isa = PBXBuildFile; fileRef = E1B566CA1DCB8B0E00CCE3F3 /* SummaryListCollectionViewCell.swift */; };
		E1B566D81DCB8B0E00CCE3F3 /* SummaryListView.swift in Sources */ = {isa = PBXBuildFile; fileRef = E1B566CB1DCB8B0E00CCE3F3 /* SummaryListView.swift */; };
		E1B566D91DCB8B0E00CCE3F3 /* SummaryListViewController.swift in Sources */ = {isa = PBXBuildFile; fileRef = E1B566CC1DCB8B0E00CCE3F3 /* SummaryListViewController.swift */; };
		E1B566DD1DCB8BD600CCE3F3 /* SummaryDetailRouter.swift in Sources */ = {isa = PBXBuildFile; fileRef = E1B566DC1DCB8BD600CCE3F3 /* SummaryDetailRouter.swift */; };
		E1B566DF1DCB9B7B00CCE3F3 /* SummaryDetailViewController.swift in Sources */ = {isa = PBXBuildFile; fileRef = E1B566DE1DCB9B7B00CCE3F3 /* SummaryDetailViewController.swift */; };
		E1B566E11DCB9BFF00CCE3F3 /* SummaryDetailView.swift in Sources */ = {isa = PBXBuildFile; fileRef = E1B566E01DCB9BFF00CCE3F3 /* SummaryDetailView.swift */; };
		E1B566E41DCB9C9100CCE3F3 /* Translations.swift in Sources */ = {isa = PBXBuildFile; fileRef = E1B566E31DCB9C9100CCE3F3 /* Translations.swift */; };
/* End PBXBuildFile section */

/* Begin PBXContainerItemProxy section */
		5E0B5B481DB5D15200565BAC /* PBXContainerItemProxy */ = {
			isa = PBXContainerItemProxy;
			containerPortal = 5E0B5B261DB5D15200565BAC /* Project object */;
			proxyType = 1;
			remoteGlobalIDString = 5E0B5B2D1DB5D15200565BAC;
			remoteInfo = Clothing;
		};
		5E0B5B531DB5D15200565BAC /* PBXContainerItemProxy */ = {
			isa = PBXContainerItemProxy;
			containerPortal = 5E0B5B261DB5D15200565BAC /* Project object */;
			proxyType = 1;
			remoteGlobalIDString = 5E0B5B2D1DB5D15200565BAC;
			remoteInfo = Clothing;
		};
/* End PBXContainerItemProxy section */

/* Begin PBXFileReference section */
		5E0B5B2E1DB5D15200565BAC /* Clothing.app */ = {isa = PBXFileReference; explicitFileType = wrapper.application; includeInIndex = 0; path = Clothing.app; sourceTree = BUILT_PRODUCTS_DIR; };
		5E0B5B471DB5D15200565BAC /* ClothingTests.xctest */ = {isa = PBXFileReference; explicitFileType = wrapper.cfbundle; includeInIndex = 0; path = ClothingTests.xctest; sourceTree = BUILT_PRODUCTS_DIR; };
		5E0B5B4D1DB5D15200565BAC /* Info.plist */ = {isa = PBXFileReference; lastKnownFileType = text.plist.xml; path = Info.plist; sourceTree = "<group>"; };
		5E0B5B521DB5D15200565BAC /* ClothingUITests.xctest */ = {isa = PBXFileReference; explicitFileType = wrapper.cfbundle; includeInIndex = 0; path = ClothingUITests.xctest; sourceTree = BUILT_PRODUCTS_DIR; };
		5E0B5B561DB5D15200565BAC /* ClothingUITests.m */ = {isa = PBXFileReference; lastKnownFileType = sourcecode.c.objc; path = ClothingUITests.m; sourceTree = "<group>"; };
		5E0B5B581DB5D15200565BAC /* Info.plist */ = {isa = PBXFileReference; lastKnownFileType = text.plist.xml; path = Info.plist; sourceTree = "<group>"; };
		5E0B5B651DB5D1CD00565BAC /* AppDelegate.h */ = {isa = PBXFileReference; fileEncoding = 4; lastKnownFileType = sourcecode.c.h; path = AppDelegate.h; sourceTree = "<group>"; };
		5E0B5B661DB5D1CD00565BAC /* AppDelegate.m */ = {isa = PBXFileReference; fileEncoding = 4; lastKnownFileType = sourcecode.c.objc; path = AppDelegate.m; sourceTree = "<group>"; };
		5E0B5B6E1DB5D1CD00565BAC /* Assets.xcassets */ = {isa = PBXFileReference; lastKnownFileType = folder.assetcatalog; path = Assets.xcassets; sourceTree = "<group>"; };
		5E0B5B711DB5D1CD00565BAC /* Base */ = {isa = PBXFileReference; lastKnownFileType = file.storyboard; name = Base; path = Base.lproj/LaunchScreen.storyboard; sourceTree = "<group>"; };
		5E0B5B731DB5D1CD00565BAC /* Base */ = {isa = PBXFileReference; lastKnownFileType = file.storyboard; name = Base; path = Base.lproj/Main.storyboard; sourceTree = "<group>"; };
		5E0B5B751DB5D1CD00565BAC /* Info.plist */ = {isa = PBXFileReference; fileEncoding = 4; lastKnownFileType = text.plist.xml; path = Info.plist; sourceTree = "<group>"; };
		5E0B5B761DB5D1CD00565BAC /* main.m */ = {isa = PBXFileReference; fileEncoding = 4; lastKnownFileType = sourcecode.c.objc; path = main.m; sourceTree = "<group>"; };
		5E0B5B7E1DB5D24900565BAC /* Clothing-Bridging-Header.h */ = {isa = PBXFileReference; lastKnownFileType = sourcecode.c.h; path = "Clothing-Bridging-Header.h"; sourceTree = "<group>"; };
		5E0B5B811DB5D27900565BAC /* AppDependencies.swift */ = {isa = PBXFileReference; fileEncoding = 4; lastKnownFileType = sourcecode.swift; path = AppDependencies.swift; sourceTree = "<group>"; };
		5E0B5BA01DB609E000565BAC /* NetworkConstant.swift */ = {isa = PBXFileReference; fileEncoding = 4; lastKnownFileType = sourcecode.swift; path = NetworkConstant.swift; sourceTree = "<group>"; };
		5E0B5BA11DB609E000565BAC /* NetworkDownloader.swift */ = {isa = PBXFileReference; fileEncoding = 4; lastKnownFileType = sourcecode.swift; path = NetworkDownloader.swift; sourceTree = "<group>"; };
		5E0B5BA21DB609E000565BAC /* NetworkManager.swift */ = {isa = PBXFileReference; fileEncoding = 4; lastKnownFileType = sourcecode.swift; path = NetworkManager.swift; sourceTree = "<group>"; };
		5E0B5BA41DB609E000565BAC /* RootRouter.swift */ = {isa = PBXFileReference; fileEncoding = 4; lastKnownFileType = sourcecode.swift; path = RootRouter.swift; sourceTree = "<group>"; };
		5E0B5BAD1DB610C300565BAC /* Clothing.xcdatamodel */ = {isa = PBXFileReference; lastKnownFileType = wrapper.xcdatamodel; path = Clothing.xcdatamodel; sourceTree = "<group>"; };
		5E0B5BAF1DB611EE00565BAC /* CoreDataStore.swift */ = {isa = PBXFileReference; fileEncoding = 4; lastKnownFileType = sourcecode.swift; path = CoreDataStore.swift; sourceTree = "<group>"; };
		5E0B5BBA1DB6129500565BAC /* ManagedPrice.swift */ = {isa = PBXFileReference; fileEncoding = 4; lastKnownFileType = sourcecode.swift; path = ManagedPrice.swift; sourceTree = "<group>"; };
		5E0B5BBC1DB6129500565BAC /* ManagedProduct.swift */ = {isa = PBXFileReference; fileEncoding = 4; lastKnownFileType = sourcecode.swift; path = ManagedProduct.swift; sourceTree = "<group>"; };
		5E0B5BC21DB6190100565BAC /* CoreDataOperator.swift */ = {isa = PBXFileReference; fileEncoding = 4; lastKnownFileType = sourcecode.swift; path = CoreDataOperator.swift; sourceTree = "<group>"; };
		5E0B5BC41DB61B9700565BAC /* Product.swift */ = {isa = PBXFileReference; fileEncoding = 4; lastKnownFileType = sourcecode.swift; path = Product.swift; sourceTree = "<group>"; };
		5E0B5BCC1DB6290E00565BAC /* Mapping.swift */ = {isa = PBXFileReference; fileEncoding = 4; lastKnownFileType = sourcecode.swift; path = Mapping.swift; sourceTree = "<group>"; };
		5E0B5BCE1DB6292400565BAC /* ProductParser.swift */ = {isa = PBXFileReference; fileEncoding = 4; lastKnownFileType = sourcecode.swift; path = ProductParser.swift; sourceTree = "<group>"; };
		5E11A06E1DB7D0F800FC4AA9 /* StoryboardTests.swift */ = {isa = PBXFileReference; fileEncoding = 4; lastKnownFileType = sourcecode.swift; path = StoryboardTests.swift; sourceTree = "<group>"; };
		5E11A0701DB7D0F800FC4AA9 /* UtilityTests.swift */ = {isa = PBXFileReference; fileEncoding = 4; lastKnownFileType = sourcecode.swift; path = UtilityTests.swift; sourceTree = "<group>"; };
		5E11A0721DB7D0F800FC4AA9 /* currencyStyleTests.playground */ = {isa = PBXFileReference; lastKnownFileType = file.playground; path = currencyStyleTests.playground; sourceTree = "<group>"; };
		5E11A0731DB7D0F800FC4AA9 /* subsituteTests.playground */ = {isa = PBXFileReference; lastKnownFileType = file.playground; path = subsituteTests.playground; sourceTree = "<group>"; };
		5E11A0761DB7D16C00FC4AA9 /* SummaryViewControllerTests.swift */ = {isa = PBXFileReference; fileEncoding = 4; lastKnownFileType = sourcecode.swift; path = SummaryViewControllerTests.swift; sourceTree = "<group>"; };
		5E11A0781DB7D48500FC4AA9 /* SummaryViewTests.swift */ = {isa = PBXFileReference; fileEncoding = 4; lastKnownFileType = sourcecode.swift; path = SummaryViewTests.swift; sourceTree = "<group>"; };
		5E6B7BF91DB9186E00B14365 /* Utility.swift */ = {isa = PBXFileReference; fileEncoding = 4; lastKnownFileType = sourcecode.swift; path = Utility.swift; sourceTree = "<group>"; };
		5E6B7BFC1DB9188E00B14365 /* UIImage.swift */ = {isa = PBXFileReference; fileEncoding = 4; lastKnownFileType = sourcecode.swift; path = UIImage.swift; sourceTree = "<group>"; };
		E165E8DF1DD3794F00657E6C /* UIStoryboard.swift */ = {isa = PBXFileReference; fileEncoding = 4; lastKnownFileType = sourcecode.swift; path = UIStoryboard.swift; sourceTree = "<group>"; };
		E165E8E11DD3E71B00657E6C /* UICollectionView.swift */ = {isa = PBXFileReference; fileEncoding = 4; lastKnownFileType = sourcecode.swift; path = UICollectionView.swift; sourceTree = "<group>"; };
		E165E8E61DD4584D00657E6C /* SummaryDetailProtocol.swift */ = {isa = PBXFileReference; fileEncoding = 4; lastKnownFileType = sourcecode.swift; path = SummaryDetailProtocol.swift; sourceTree = "<group>"; };
		E165E8E81DD45B2400657E6C /* SummaryDetailPresenter.swift */ = {isa = PBXFileReference; fileEncoding = 4; lastKnownFileType = sourcecode.swift; path = SummaryDetailPresenter.swift; sourceTree = "<group>"; };
		E165E8EA1DD4690200657E6C /* SummaryDetailInteractor.swift */ = {isa = PBXFileReference; fileEncoding = 4; lastKnownFileType = sourcecode.swift; path = SummaryDetailInteractor.swift; sourceTree = "<group>"; };
		E165E8EC1DD469A400657E6C /* SummaryDetailDataManager.swift */ = {isa = PBXFileReference; fileEncoding = 4; lastKnownFileType = sourcecode.swift; path = SummaryDetailDataManager.swift; sourceTree = "<group>"; };
		E165E8EE1DD6250B00657E6C /* NSEntityDescription.swift */ = {isa = PBXFileReference; fileEncoding = 4; lastKnownFileType = sourcecode.swift; path = NSEntityDescription.swift; sourceTree = "<group>"; };
		E165E8F01DD9A6F800657E6C /* NSSortDescriptor.swift */ = {isa = PBXFileReference; fileEncoding = 4; lastKnownFileType = sourcecode.swift; path = NSSortDescriptor.swift; sourceTree = "<group>"; };
		E1B566BB1DCB8B0E00CCE3F3 /* SummaryListDataManager.swift */ = {isa = PBXFileReference; fileEncoding = 4; lastKnownFileType = sourcecode.swift; path = SummaryListDataManager.swift; sourceTree = "<group>"; };
		E1B566BC1DCB8B0E00CCE3F3 /* SummaryListDataStoreConvenience.swift */ = {isa = PBXFileReference; fileEncoding = 4; lastKnownFileType = sourcecode.swift; path = SummaryListDataStoreConvenience.swift; sourceTree = "<group>"; };
		E1B566BD1DCB8B0E00CCE3F3 /* SummaryListInteractor.swift */ = {isa = PBXFileReference; fileEncoding = 4; lastKnownFileType = sourcecode.swift; path = SummaryListInteractor.swift; sourceTree = "<group>"; };
		E1B566BE1DCB8B0E00CCE3F3 /* SummaryListNetworkConvenience.swift */ = {isa = PBXFileReference; fileEncoding = 4; lastKnownFileType = sourcecode.swift; path = SummaryListNetworkConvenience.swift; sourceTree = "<group>"; };
		E1B566BF1DCB8B0E00CCE3F3 /* SummaryProduct.swift */ = {isa = PBXFileReference; fileEncoding = 4; lastKnownFileType = sourcecode.swift; path = SummaryProduct.swift; sourceTree = "<group>"; };
		E1B566C11DCB8B0E00CCE3F3 /* SummaryListPresenter.swift */ = {isa = PBXFileReference; fileEncoding = 4; lastKnownFileType = sourcecode.swift; path = SummaryListPresenter.swift; sourceTree = "<group>"; };
		E1B566C31DCB8B0E00CCE3F3 /* SummaryListProtocol.swift */ = {isa = PBXFileReference; fileEncoding = 4; lastKnownFileType = sourcecode.swift; path = SummaryListProtocol.swift; sourceTree = "<group>"; };
		E1B566C51DCB8B0E00CCE3F3 /* SummaryListRouter.swift */ = {isa = PBXFileReference; fileEncoding = 4; lastKnownFileType = sourcecode.swift; path = SummaryListRouter.swift; sourceTree = "<group>"; };
		E1B566C81DCB8B0E00CCE3F3 /* SummaryListCollectionViewLayout.swift */ = {isa = PBXFileReference; fileEncoding = 4; lastKnownFileType = sourcecode.swift; path = SummaryListCollectionViewLayout.swift; sourceTree = "<group>"; };
		E1B566C91DCB8B0E00CCE3F3 /* SummaryListCollectionViewLayoutAttributes.swift */ = {isa = PBXFileReference; fileEncoding = 4; lastKnownFileType = sourcecode.swift; path = SummaryListCollectionViewLayoutAttributes.swift; sourceTree = "<group>"; };
		E1B566CA1DCB8B0E00CCE3F3 /* SummaryListCollectionViewCell.swift */ = {isa = PBXFileReference; fileEncoding = 4; lastKnownFileType = sourcecode.swift; path = SummaryListCollectionViewCell.swift; sourceTree = "<group>"; };
		E1B566CB1DCB8B0E00CCE3F3 /* SummaryListView.swift */ = {isa = PBXFileReference; fileEncoding = 4; lastKnownFileType = sourcecode.swift; path = SummaryListView.swift; sourceTree = "<group>"; };
		E1B566CC1DCB8B0E00CCE3F3 /* SummaryListViewController.swift */ = {isa = PBXFileReference; fileEncoding = 4; lastKnownFileType = sourcecode.swift; path = SummaryListViewController.swift; sourceTree = "<group>"; };
		E1B566DC1DCB8BD600CCE3F3 /* SummaryDetailRouter.swift */ = {isa = PBXFileReference; fileEncoding = 4; lastKnownFileType = sourcecode.swift; path = SummaryDetailRouter.swift; sourceTree = "<group>"; };
		E1B566DE1DCB9B7B00CCE3F3 /* SummaryDetailViewController.swift */ = {isa = PBXFileReference; fileEncoding = 4; lastKnownFileType = sourcecode.swift; path = SummaryDetailViewController.swift; sourceTree = "<group>"; };
		E1B566E01DCB9BFF00CCE3F3 /* SummaryDetailView.swift */ = {isa = PBXFileReference; fileEncoding = 4; lastKnownFileType = sourcecode.swift; path = SummaryDetailView.swift; sourceTree = "<group>"; };
		E1B566E31DCB9C9100CCE3F3 /* Translations.swift */ = {isa = PBXFileReference; fileEncoding = 4; lastKnownFileType = sourcecode.swift; path = Translations.swift; sourceTree = "<group>"; };
/* End PBXFileReference section */

/* Begin PBXFrameworksBuildPhase section */
		5E0B5B2B1DB5D15200565BAC /* Frameworks */ = {
			isa = PBXFrameworksBuildPhase;
			buildActionMask = 2147483647;
			files = (
			);
			runOnlyForDeploymentPostprocessing = 0;
		};
		5E0B5B441DB5D15200565BAC /* Frameworks */ = {
			isa = PBXFrameworksBuildPhase;
			buildActionMask = 2147483647;
			files = (
			);
			runOnlyForDeploymentPostprocessing = 0;
		};
		5E0B5B4F1DB5D15200565BAC /* Frameworks */ = {
			isa = PBXFrameworksBuildPhase;
			buildActionMask = 2147483647;
			files = (
			);
			runOnlyForDeploymentPostprocessing = 0;
		};
/* End PBXFrameworksBuildPhase section */

/* Begin PBXGroup section */
		5E0B5B251DB5D15200565BAC = {
			isa = PBXGroup;
			children = (
				5E0B5B301DB5D15200565BAC /* Clothing */,
				5E0B5B4A1DB5D15200565BAC /* ClothingTests */,
				5E0B5B551DB5D15200565BAC /* ClothingUITests */,
				5E0B5B2F1DB5D15200565BAC /* Products */,
			);
			indentWidth = 4;
			sourceTree = "<group>";
			tabWidth = 4;
		};
		5E0B5B2F1DB5D15200565BAC /* Products */ = {
			isa = PBXGroup;
			children = (
				5E0B5B2E1DB5D15200565BAC /* Clothing.app */,
				5E0B5B471DB5D15200565BAC /* ClothingTests.xctest */,
				5E0B5B521DB5D15200565BAC /* ClothingUITests.xctest */,
			);
			name = Products;
			sourceTree = "<group>";
		};
		5E0B5B301DB5D15200565BAC /* Clothing */ = {
			isa = PBXGroup;
			children = (
				5E0B5B641DB5D1CD00565BAC /* Classes */,
				5E0B5B681DB5D1CD00565BAC /* Modules */,
				5E0B5B6C1DB5D1CD00565BAC /* Resources */,
				5E0B5B741DB5D1CD00565BAC /* SupportingFiles */,
			);
			path = Clothing;
			sourceTree = "<group>";
		};
		5E0B5B4A1DB5D15200565BAC /* ClothingTests */ = {
			isa = PBXGroup;
			children = (
				5E11A06D1DB7D0F800FC4AA9 /* Modules */,
				5E11A06F1DB7D0F800FC4AA9 /* Classes */,
				5E11A0711DB7D0F800FC4AA9 /* Playground */,
				5E0B5B4D1DB5D15200565BAC /* Info.plist */,
			);
			path = ClothingTests;
			sourceTree = "<group>";
		};
		5E0B5B551DB5D15200565BAC /* ClothingUITests */ = {
			isa = PBXGroup;
			children = (
				5E0B5B561DB5D15200565BAC /* ClothingUITests.m */,
				5E0B5B581DB5D15200565BAC /* Info.plist */,
			);
			path = ClothingUITests;
			sourceTree = "<group>";
		};
		5E0B5B641DB5D1CD00565BAC /* Classes */ = {
			isa = PBXGroup;
			children = (
				5E0B5B651DB5D1CD00565BAC /* AppDelegate.h */,
				5E0B5B661DB5D1CD00565BAC /* AppDelegate.m */,
				5E0B5B811DB5D27900565BAC /* AppDependencies.swift */,
				E1B566E21DCB9C8200CCE3F3 /* Constant */,
				5E0B5B9D1DB609E000565BAC /* Helpers */,
				5E0B5B9E1DB609E000565BAC /* Model */,
				5E0B5B9F1DB609E000565BAC /* Network */,
				5E0B5BAB1DB6109F00565BAC /* Store */,
				5E0B5BA31DB609E000565BAC /* View */,
			);
			path = Classes;
			sourceTree = "<group>";
		};
		5E0B5B681DB5D1CD00565BAC /* Modules */ = {
			isa = PBXGroup;
			children = (
				5E0B5B691DB5D1CD00565BAC /* Summary */,
			);
			path = Modules;
			sourceTree = "<group>";
		};
		5E0B5B691DB5D1CD00565BAC /* Summary */ = {
			isa = PBXGroup;
			children = (
				E1B566B91DCB8B0E00CCE3F3 /* List */,
				E1B566B81DCB8B0E00CCE3F3 /* Detail */,
			);
			path = Summary;
			sourceTree = "<group>";
		};
		5E0B5B6C1DB5D1CD00565BAC /* Resources */ = {
			isa = PBXGroup;
			children = (
				5E0B5B6D1DB5D1CD00565BAC /* Assests */,
				5E0B5B6F1DB5D1CD00565BAC /* Storyboards */,
			);
			path = Resources;
			sourceTree = "<group>";
		};
		5E0B5B6D1DB5D1CD00565BAC /* Assests */ = {
			isa = PBXGroup;
			children = (
				5E0B5B6E1DB5D1CD00565BAC /* Assets.xcassets */,
			);
			path = Assests;
			sourceTree = "<group>";
		};
		5E0B5B6F1DB5D1CD00565BAC /* Storyboards */ = {
			isa = PBXGroup;
			children = (
				5E0B5B721DB5D1CD00565BAC /* Main.storyboard */,
				5E0B5B701DB5D1CD00565BAC /* LaunchScreen.storyboard */,
			);
			path = Storyboards;
			sourceTree = "<group>";
		};
		5E0B5B741DB5D1CD00565BAC /* SupportingFiles */ = {
			isa = PBXGroup;
			children = (
				5E0B5B751DB5D1CD00565BAC /* Info.plist */,
				5E0B5B761DB5D1CD00565BAC /* main.m */,
				5E0B5B7E1DB5D24900565BAC /* Clothing-Bridging-Header.h */,
			);
			path = SupportingFiles;
			sourceTree = "<group>";
		};
		5E0B5B9D1DB609E000565BAC /* Helpers */ = {
			isa = PBXGroup;
			children = (
				5E6B7BFA1DB9186E00B14365 /* Extensions */,
				5E0B5BCA1DB6290700565BAC /* Mapper */,
				5E0B5BCB1DB6290700565BAC /* Paser */,
				5E6B7BF81DB9186E00B14365 /* Utility */,
			);
			path = Helpers;
			sourceTree = "<group>";
		};
		5E0B5B9E1DB609E000565BAC /* Model */ = {
			isa = PBXGroup;
			children = (
				5E0B5BC41DB61B9700565BAC /* Product.swift */,
			);
			path = Model;
			sourceTree = "<group>";
		};
		5E0B5B9F1DB609E000565BAC /* Network */ = {
			isa = PBXGroup;
			children = (
				5E0B5BA01DB609E000565BAC /* NetworkConstant.swift */,
				5E0B5BA21DB609E000565BAC /* NetworkManager.swift */,
				5E0B5BA11DB609E000565BAC /* NetworkDownloader.swift */,
			);
			path = Network;
			sourceTree = "<group>";
		};
		5E0B5BA31DB609E000565BAC /* View */ = {
			isa = PBXGroup;
			children = (
				5E0B5BA41DB609E000565BAC /* RootRouter.swift */,
			);
			path = View;
			sourceTree = "<group>";
		};
		5E0B5BAB1DB6109F00565BAC /* Store */ = {
			isa = PBXGroup;
			children = (
				5E0B5BB91DB6129500565BAC /* Entity */,
				5E0B5BAC1DB610C300565BAC /* Clothing.xcdatamodeld */,
				5E0B5BAF1DB611EE00565BAC /* CoreDataStore.swift */,
				5E0B5BC21DB6190100565BAC /* CoreDataOperator.swift */,
			);
			path = Store;
			sourceTree = "<group>";
		};
		5E0B5BB91DB6129500565BAC /* Entity */ = {
			isa = PBXGroup;
			children = (
				5E0B5BBA1DB6129500565BAC /* ManagedPrice.swift */,
				5E0B5BBC1DB6129500565BAC /* ManagedProduct.swift */,
			);
			path = Entity;
			sourceTree = "<group>";
		};
		5E0B5BCA1DB6290700565BAC /* Mapper */ = {
			isa = PBXGroup;
			children = (
				5E0B5BCC1DB6290E00565BAC /* Mapping.swift */,
			);
			path = Mapper;
			sourceTree = "<group>";
		};
		5E0B5BCB1DB6290700565BAC /* Paser */ = {
			isa = PBXGroup;
			children = (
				5E0B5BCE1DB6292400565BAC /* ProductParser.swift */,
			);
			path = Paser;
			sourceTree = "<group>";
		};
		5E11A06D1DB7D0F800FC4AA9 /* Modules */ = {
			isa = PBXGroup;
			children = (
				5E11A06E1DB7D0F800FC4AA9 /* StoryboardTests.swift */,
				5E11A0781DB7D48500FC4AA9 /* SummaryViewTests.swift */,
				5E11A0761DB7D16C00FC4AA9 /* SummaryViewControllerTests.swift */,
			);
			path = Modules;
			sourceTree = "<group>";
		};
		5E11A06F1DB7D0F800FC4AA9 /* Classes */ = {
			isa = PBXGroup;
			children = (
				5E11A0701DB7D0F800FC4AA9 /* UtilityTests.swift */,
			);
			path = Classes;
			sourceTree = "<group>";
		};
		5E11A0711DB7D0F800FC4AA9 /* Playground */ = {
			isa = PBXGroup;
			children = (
				5E11A0721DB7D0F800FC4AA9 /* currencyStyleTests.playground */,
				5E11A0731DB7D0F800FC4AA9 /* subsituteTests.playground */,
			);
			path = Playground;
			sourceTree = "<group>";
		};
		5E6B7BF81DB9186E00B14365 /* Utility */ = {
			isa = PBXGroup;
			children = (
				5E6B7BF91DB9186E00B14365 /* Utility.swift */,
			);
			path = Utility;
			sourceTree = "<group>";
		};
		5E6B7BFA1DB9186E00B14365 /* Extensions */ = {
			isa = PBXGroup;
			children = (
				5E6B7BFC1DB9188E00B14365 /* UIImage.swift */,
				E165E8DF1DD3794F00657E6C /* UIStoryboard.swift */,
				E165E8E11DD3E71B00657E6C /* UICollectionView.swift */,
				E165E8EE1DD6250B00657E6C /* NSEntityDescription.swift */,
				E165E8F01DD9A6F800657E6C /* NSSortDescriptor.swift */,
			);
			path = Extensions;
			sourceTree = "<group>";
		};
		E165E8E31DD4580200657E6C /* Interactor */ = {
			isa = PBXGroup;
			children = (
				E165E8EA1DD4690200657E6C /* SummaryDetailInteractor.swift */,
				E165E8EC1DD469A400657E6C /* SummaryDetailDataManager.swift */,
			);
			path = Interactor;
			sourceTree = "<group>";
		};
		E165E8E41DD4580200657E6C /* Presenter */ = {
			isa = PBXGroup;
			children = (
				E165E8E81DD45B2400657E6C /* SummaryDetailPresenter.swift */,
			);
			path = Presenter;
			sourceTree = "<group>";
		};
		E165E8E51DD4580200657E6C /* Protocol */ = {
			isa = PBXGroup;
			children = (
				E165E8E61DD4584D00657E6C /* SummaryDetailProtocol.swift */,
			);
			path = Protocol;
			sourceTree = "<group>";
		};
		E1B566B81DCB8B0E00CCE3F3 /* Detail */ = {
			isa = PBXGroup;
			children = (
				E165E8E31DD4580200657E6C /* Interactor */,
				E165E8E41DD4580200657E6C /* Presenter */,
				E165E8E51DD4580200657E6C /* Protocol */,
				E1B566DA1DCB8BBE00CCE3F3 /* Router */,
				E1B566DB1DCB8BBE00CCE3F3 /* View */,
			);
			path = Detail;
			sourceTree = "<group>";
		};
		E1B566B91DCB8B0E00CCE3F3 /* List */ = {
			isa = PBXGroup;
			children = (
				E1B566BA1DCB8B0E00CCE3F3 /* Interactor */,
				E1B566C01DCB8B0E00CCE3F3 /* Presenter */,
				E1B566C21DCB8B0E00CCE3F3 /* Protocol */,
				E1B566C41DCB8B0E00CCE3F3 /* Router */,
				E1B566C61DCB8B0E00CCE3F3 /* View */,
			);
			path = List;
			sourceTree = "<group>";
		};
		E1B566BA1DCB8B0E00CCE3F3 /* Interactor */ = {
			isa = PBXGroup;
			children = (
				E1B566BD1DCB8B0E00CCE3F3 /* SummaryListInteractor.swift */,
				E1B566BB1DCB8B0E00CCE3F3 /* SummaryListDataManager.swift */,
				E1B566BC1DCB8B0E00CCE3F3 /* SummaryListDataStoreConvenience.swift */,
				E1B566BE1DCB8B0E00CCE3F3 /* SummaryListNetworkConvenience.swift */,
				E1B566BF1DCB8B0E00CCE3F3 /* SummaryProduct.swift */,
			);
			path = Interactor;
			sourceTree = "<group>";
		};
		E1B566C01DCB8B0E00CCE3F3 /* Presenter */ = {
			isa = PBXGroup;
			children = (
				E1B566C11DCB8B0E00CCE3F3 /* SummaryListPresenter.swift */,
			);
			path = Presenter;
			sourceTree = "<group>";
		};
		E1B566C21DCB8B0E00CCE3F3 /* Protocol */ = {
			isa = PBXGroup;
			children = (
				E1B566C31DCB8B0E00CCE3F3 /* SummaryListProtocol.swift */,
			);
			path = Protocol;
			sourceTree = "<group>";
		};
		E1B566C41DCB8B0E00CCE3F3 /* Router */ = {
			isa = PBXGroup;
			children = (
				E1B566C51DCB8B0E00CCE3F3 /* SummaryListRouter.swift */,
			);
			path = Router;
			sourceTree = "<group>";
		};
		E1B566C61DCB8B0E00CCE3F3 /* View */ = {
			isa = PBXGroup;
			children = (
				E1B566C71DCB8B0E00CCE3F3 /* Layout */,
				E1B566CA1DCB8B0E00CCE3F3 /* SummaryListCollectionViewCell.swift */,
				E1B566CB1DCB8B0E00CCE3F3 /* SummaryListView.swift */,
				E1B566CC1DCB8B0E00CCE3F3 /* SummaryListViewController.swift */,
			);
			path = View;
			sourceTree = "<group>";
		};
		E1B566C71DCB8B0E00CCE3F3 /* Layout */ = {
			isa = PBXGroup;
			children = (
				E1B566C81DCB8B0E00CCE3F3 /* SummaryListCollectionViewLayout.swift */,
				E1B566C91DCB8B0E00CCE3F3 /* SummaryListCollectionViewLayoutAttributes.swift */,
			);
			path = Layout;
			sourceTree = "<group>";
		};
		E1B566DA1DCB8BBE00CCE3F3 /* Router */ = {
			isa = PBXGroup;
			children = (
				E1B566DC1DCB8BD600CCE3F3 /* SummaryDetailRouter.swift */,
			);
			path = Router;
			sourceTree = "<group>";
		};
		E1B566DB1DCB8BBE00CCE3F3 /* View */ = {
			isa = PBXGroup;
			children = (
				E1B566DE1DCB9B7B00CCE3F3 /* SummaryDetailViewController.swift */,
				E1B566E01DCB9BFF00CCE3F3 /* SummaryDetailView.swift */,
			);
			path = View;
			sourceTree = "<group>";
		};
		E1B566E21DCB9C8200CCE3F3 /* Constant */ = {
			isa = PBXGroup;
			children = (
				E1B566E31DCB9C9100CCE3F3 /* Translations.swift */,
			);
			path = Constant;
			sourceTree = "<group>";
		};
/* End PBXGroup section */

/* Begin PBXNativeTarget section */
		5E0B5B2D1DB5D15200565BAC /* Clothing */ = {
			isa = PBXNativeTarget;
			buildConfigurationList = 5E0B5B5B1DB5D15200565BAC /* Build configuration list for PBXNativeTarget "Clothing" */;
			buildPhases = (
				5E0B5B2A1DB5D15200565BAC /* Sources */,
				5E0B5B2B1DB5D15200565BAC /* Frameworks */,
				5E0B5B2C1DB5D15200565BAC /* Resources */,
			);
			buildRules = (
			);
			dependencies = (
			);
			name = Clothing;
			productName = Clothing;
			productReference = 5E0B5B2E1DB5D15200565BAC /* Clothing.app */;
			productType = "com.apple.product-type.application";
		};
		5E0B5B461DB5D15200565BAC /* ClothingTests */ = {
			isa = PBXNativeTarget;
			buildConfigurationList = 5E0B5B5E1DB5D15200565BAC /* Build configuration list for PBXNativeTarget "ClothingTests" */;
			buildPhases = (
				5E0B5B431DB5D15200565BAC /* Sources */,
				5E0B5B441DB5D15200565BAC /* Frameworks */,
				5E0B5B451DB5D15200565BAC /* Resources */,
			);
			buildRules = (
			);
			dependencies = (
				5E0B5B491DB5D15200565BAC /* PBXTargetDependency */,
			);
			name = ClothingTests;
			productName = ClothingTests;
			productReference = 5E0B5B471DB5D15200565BAC /* ClothingTests.xctest */;
			productType = "com.apple.product-type.bundle.unit-test";
		};
		5E0B5B511DB5D15200565BAC /* ClothingUITests */ = {
			isa = PBXNativeTarget;
			buildConfigurationList = 5E0B5B611DB5D15200565BAC /* Build configuration list for PBXNativeTarget "ClothingUITests" */;
			buildPhases = (
				5E0B5B4E1DB5D15200565BAC /* Sources */,
				5E0B5B4F1DB5D15200565BAC /* Frameworks */,
				5E0B5B501DB5D15200565BAC /* Resources */,
			);
			buildRules = (
			);
			dependencies = (
				5E0B5B541DB5D15200565BAC /* PBXTargetDependency */,
			);
			name = ClothingUITests;
			productName = ClothingUITests;
			productReference = 5E0B5B521DB5D15200565BAC /* ClothingUITests.xctest */;
			productType = "com.apple.product-type.bundle.ui-testing";
		};
/* End PBXNativeTarget section */

/* Begin PBXProject section */
		5E0B5B261DB5D15200565BAC /* Project object */ = {
			isa = PBXProject;
			attributes = {
				LastUpgradeCheck = 0810;
				ORGANIZATIONNAME = rycbn;
				TargetAttributes = {
					5E0B5B2D1DB5D15200565BAC = {
						CreatedOnToolsVersion = 8.0;
						DevelopmentTeam = Y9BC25E7GB;
						LastSwiftMigration = 0800;
						ProvisioningStyle = Automatic;
					};
					5E0B5B461DB5D15200565BAC = {
						CreatedOnToolsVersion = 8.0;
						LastSwiftMigration = 0800;
						ProvisioningStyle = Automatic;
						TestTargetID = 5E0B5B2D1DB5D15200565BAC;
					};
					5E0B5B511DB5D15200565BAC = {
						CreatedOnToolsVersion = 8.0;
						ProvisioningStyle = Automatic;
						TestTargetID = 5E0B5B2D1DB5D15200565BAC;
					};
				};
			};
			buildConfigurationList = 5E0B5B291DB5D15200565BAC /* Build configuration list for PBXProject "Clothing" */;
			compatibilityVersion = "Xcode 3.2";
			developmentRegion = English;
			hasScannedForEncodings = 0;
			knownRegions = (
				en,
				Base,
			);
			mainGroup = 5E0B5B251DB5D15200565BAC;
			productRefGroup = 5E0B5B2F1DB5D15200565BAC /* Products */;
			projectDirPath = "";
			projectRoot = "";
			targets = (
				5E0B5B2D1DB5D15200565BAC /* Clothing */,
				5E0B5B461DB5D15200565BAC /* ClothingTests */,
				5E0B5B511DB5D15200565BAC /* ClothingUITests */,
			);
		};
/* End PBXProject section */

/* Begin PBXResourcesBuildPhase section */
		5E0B5B2C1DB5D15200565BAC /* Resources */ = {
			isa = PBXResourcesBuildPhase;
			buildActionMask = 2147483647;
			files = (
				5E0B5B7B1DB5D1CD00565BAC /* Main.storyboard in Resources */,
				5E0B5B791DB5D1CD00565BAC /* Assets.xcassets in Resources */,
				5E0B5B7A1DB5D1CD00565BAC /* LaunchScreen.storyboard in Resources */,
			);
			runOnlyForDeploymentPostprocessing = 0;
		};
		5E0B5B451DB5D15200565BAC /* Resources */ = {
			isa = PBXResourcesBuildPhase;
			buildActionMask = 2147483647;
			files = (
			);
			runOnlyForDeploymentPostprocessing = 0;
		};
		5E0B5B501DB5D15200565BAC /* Resources */ = {
			isa = PBXResourcesBuildPhase;
			buildActionMask = 2147483647;
			files = (
			);
			runOnlyForDeploymentPostprocessing = 0;
		};
/* End PBXResourcesBuildPhase section */

/* Begin PBXSourcesBuildPhase section */
		5E0B5B2A1DB5D15200565BAC /* Sources */ = {
			isa = PBXSourcesBuildPhase;
			buildActionMask = 2147483647;
			files = (
				E1B566D31DCB8B0E00CCE3F3 /* SummaryListProtocol.swift in Sources */,
				5E0B5BA51DB609E000565BAC /* NetworkConstant.swift in Sources */,
				5E0B5BBE1DB6129500565BAC /* ManagedPrice.swift in Sources */,
				5E0B5B821DB5D27900565BAC /* AppDependencies.swift in Sources */,
				5E0B5BA71DB609E000565BAC /* NetworkManager.swift in Sources */,
				E1B566CE1DCB8B0E00CCE3F3 /* SummaryListDataStoreConvenience.swift in Sources */,
				E165E8EB1DD4690200657E6C /* SummaryDetailInteractor.swift in Sources */,
				5E6B7BFB1DB9186E00B14365 /* Utility.swift in Sources */,
				5E0B5BCD1DB6290E00565BAC /* Mapping.swift in Sources */,
				5E0B5BCF1DB6292400565BAC /* ProductParser.swift in Sources */,
				E1B566D11DCB8B0E00CCE3F3 /* SummaryProduct.swift in Sources */,
				E165E8E91DD45B2400657E6C /* SummaryDetailPresenter.swift in Sources */,
				5E0B5BAE1DB610C300565BAC /* Clothing.xcdatamodeld in Sources */,
				E1B566D81DCB8B0E00CCE3F3 /* SummaryListView.swift in Sources */,
				5E0B5BA81DB609E000565BAC /* RootRouter.swift in Sources */,
				E165E8ED1DD469A400657E6C /* SummaryDetailDataManager.swift in Sources */,
				5E0B5B7D1DB5D1CD00565BAC /* main.m in Sources */,
				E1B566CF1DCB8B0E00CCE3F3 /* SummaryListInteractor.swift in Sources */,
				5E6B7BFD1DB9188E00B14365 /* UIImage.swift in Sources */,
				E1B566D71DCB8B0E00CCE3F3 /* SummaryListCollectionViewCell.swift in Sources */,
				E1B566DD1DCB8BD600CCE3F3 /* SummaryDetailRouter.swift in Sources */,
				5E0B5BB01DB611EE00565BAC /* CoreDataStore.swift in Sources */,
				E1B566D01DCB8B0E00CCE3F3 /* SummaryListNetworkConvenience.swift in Sources */,
				E1B566DF1DCB9B7B00CCE3F3 /* SummaryDetailViewController.swift in Sources */,
				E1B566CD1DCB8B0E00CCE3F3 /* SummaryListDataManager.swift in Sources */,
				5E0B5BC51DB61B9700565BAC /* Product.swift in Sources */,
				E1B566D41DCB8B0E00CCE3F3 /* SummaryListRouter.swift in Sources */,
				E165E8E01DD3794F00657E6C /* UIStoryboard.swift in Sources */,
				E1B566E11DCB9BFF00CCE3F3 /* SummaryDetailView.swift in Sources */,
				E1B566D21DCB8B0E00CCE3F3 /* SummaryListPresenter.swift in Sources */,
				E1B566D51DCB8B0E00CCE3F3 /* SummaryListCollectionViewLayout.swift in Sources */,
				E1B566E41DCB9C9100CCE3F3 /* Translations.swift in Sources */,
				5E0B5B771DB5D1CD00565BAC /* AppDelegate.m in Sources */,
				E165E8E21DD3E71B00657E6C /* UICollectionView.swift in Sources */,
				E165E8E71DD4584D00657E6C /* SummaryDetailProtocol.swift in Sources */,
				5E0B5BA61DB609E000565BAC /* NetworkDownloader.swift in Sources */,
				E165E8EF1DD6250B00657E6C /* NSEntityDescription.swift in Sources */,
				5E0B5BC31DB6190100565BAC /* CoreDataOperator.swift in Sources */,
				5E0B5BC01DB6129500565BAC /* ManagedProduct.swift in Sources */,
				E1B566D61DCB8B0E00CCE3F3 /* SummaryListCollectionViewLayoutAttributes.swift in Sources */,
				E1B566D91DCB8B0E00CCE3F3 /* SummaryListViewController.swift in Sources */,
				E165E8F11DD9A6F800657E6C /* NSSortDescriptor.swift in Sources */,
			);
			runOnlyForDeploymentPostprocessing = 0;
		};
		5E0B5B431DB5D15200565BAC /* Sources */ = {
			isa = PBXSourcesBuildPhase;
			buildActionMask = 2147483647;
			files = (
				5E11A0771DB7D16C00FC4AA9 /* SummaryViewControllerTests.swift in Sources */,
				5E11A0791DB7D48500FC4AA9 /* SummaryViewTests.swift in Sources */,
				5E11A0751DB7D0F800FC4AA9 /* UtilityTests.swift in Sources */,
				5E11A0741DB7D0F800FC4AA9 /* StoryboardTests.swift in Sources */,
			);
			runOnlyForDeploymentPostprocessing = 0;
		};
		5E0B5B4E1DB5D15200565BAC /* Sources */ = {
			isa = PBXSourcesBuildPhase;
			buildActionMask = 2147483647;
			files = (
				5E0B5B571DB5D15200565BAC /* ClothingUITests.m in Sources */,
			);
			runOnlyForDeploymentPostprocessing = 0;
		};
/* End PBXSourcesBuildPhase section */

/* Begin PBXTargetDependency section */
		5E0B5B491DB5D15200565BAC /* PBXTargetDependency */ = {
			isa = PBXTargetDependency;
			target = 5E0B5B2D1DB5D15200565BAC /* Clothing */;
			targetProxy = 5E0B5B481DB5D15200565BAC /* PBXContainerItemProxy */;
		};
		5E0B5B541DB5D15200565BAC /* PBXTargetDependency */ = {
			isa = PBXTargetDependency;
			target = 5E0B5B2D1DB5D15200565BAC /* Clothing */;
			targetProxy = 5E0B5B531DB5D15200565BAC /* PBXContainerItemProxy */;
		};
/* End PBXTargetDependency section */

/* Begin PBXVariantGroup section */
		5E0B5B701DB5D1CD00565BAC /* LaunchScreen.storyboard */ = {
			isa = PBXVariantGroup;
			children = (
				5E0B5B711DB5D1CD00565BAC /* Base */,
			);
			name = LaunchScreen.storyboard;
			sourceTree = "<group>";
		};
		5E0B5B721DB5D1CD00565BAC /* Main.storyboard */ = {
			isa = PBXVariantGroup;
			children = (
				5E0B5B731DB5D1CD00565BAC /* Base */,
			);
			name = Main.storyboard;
			sourceTree = "<group>";
		};
/* End PBXVariantGroup section */

/* Begin XCBuildConfiguration section */
		5E0B5B591DB5D15200565BAC /* Debug */ = {
			isa = XCBuildConfiguration;
			buildSettings = {
				ALWAYS_SEARCH_USER_PATHS = NO;
				CLANG_ANALYZER_NONNULL = YES;
				CLANG_CXX_LANGUAGE_STANDARD = "gnu++0x";
				CLANG_CXX_LIBRARY = "libc++";
				CLANG_ENABLE_MODULES = YES;
				CLANG_ENABLE_OBJC_ARC = YES;
				CLANG_WARN_BOOL_CONVERSION = YES;
				CLANG_WARN_CONSTANT_CONVERSION = YES;
				CLANG_WARN_DIRECT_OBJC_ISA_USAGE = YES_ERROR;
				CLANG_WARN_DOCUMENTATION_COMMENTS = YES;
				CLANG_WARN_EMPTY_BODY = YES;
				CLANG_WARN_ENUM_CONVERSION = YES;
				CLANG_WARN_INFINITE_RECURSION = YES;
				CLANG_WARN_INT_CONVERSION = YES;
				CLANG_WARN_OBJC_ROOT_CLASS = YES_ERROR;
				CLANG_WARN_SUSPICIOUS_MOVE = YES;
				CLANG_WARN_SUSPICIOUS_MOVES = YES;
				CLANG_WARN_UNREACHABLE_CODE = YES;
				CLANG_WARN__DUPLICATE_METHOD_MATCH = YES;
				"CODE_SIGN_IDENTITY[sdk=iphoneos*]" = "iPhone Developer";
				COPY_PHASE_STRIP = NO;
				DEBUG_INFORMATION_FORMAT = dwarf;
				ENABLE_STRICT_OBJC_MSGSEND = YES;
				ENABLE_TESTABILITY = YES;
				GCC_C_LANGUAGE_STANDARD = gnu99;
				GCC_DYNAMIC_NO_PIC = NO;
				GCC_NO_COMMON_BLOCKS = YES;
				GCC_OPTIMIZATION_LEVEL = 0;
				GCC_PREPROCESSOR_DEFINITIONS = (
					"DEBUG=1",
					"$(inherited)",
				);
				GCC_WARN_64_TO_32_BIT_CONVERSION = YES;
				GCC_WARN_ABOUT_RETURN_TYPE = YES_ERROR;
				GCC_WARN_UNDECLARED_SELECTOR = YES;
				GCC_WARN_UNINITIALIZED_AUTOS = YES_AGGRESSIVE;
				GCC_WARN_UNUSED_FUNCTION = YES;
				GCC_WARN_UNUSED_VARIABLE = YES;
				IPHONEOS_DEPLOYMENT_TARGET = 10.0;
				MTL_ENABLE_DEBUG_INFO = YES;
				ONLY_ACTIVE_ARCH = YES;
				SDKROOT = iphoneos;
			};
			name = Debug;
		};
		5E0B5B5A1DB5D15200565BAC /* Release */ = {
			isa = XCBuildConfiguration;
			buildSettings = {
				ALWAYS_SEARCH_USER_PATHS = NO;
				CLANG_ANALYZER_NONNULL = YES;
				CLANG_CXX_LANGUAGE_STANDARD = "gnu++0x";
				CLANG_CXX_LIBRARY = "libc++";
				CLANG_ENABLE_MODULES = YES;
				CLANG_ENABLE_OBJC_ARC = YES;
				CLANG_WARN_BOOL_CONVERSION = YES;
				CLANG_WARN_CONSTANT_CONVERSION = YES;
				CLANG_WARN_DIRECT_OBJC_ISA_USAGE = YES_ERROR;
				CLANG_WARN_DOCUMENTATION_COMMENTS = YES;
				CLANG_WARN_EMPTY_BODY = YES;
				CLANG_WARN_ENUM_CONVERSION = YES;
				CLANG_WARN_INFINITE_RECURSION = YES;
				CLANG_WARN_INT_CONVERSION = YES;
				CLANG_WARN_OBJC_ROOT_CLASS = YES_ERROR;
				CLANG_WARN_SUSPICIOUS_MOVE = YES;
				CLANG_WARN_SUSPICIOUS_MOVES = YES;
				CLANG_WARN_UNREACHABLE_CODE = YES;
				CLANG_WARN__DUPLICATE_METHOD_MATCH = YES;
				"CODE_SIGN_IDENTITY[sdk=iphoneos*]" = "iPhone Developer";
				COPY_PHASE_STRIP = NO;
				DEBUG_INFORMATION_FORMAT = "dwarf-with-dsym";
				ENABLE_NS_ASSERTIONS = NO;
				ENABLE_STRICT_OBJC_MSGSEND = YES;
				GCC_C_LANGUAGE_STANDARD = gnu99;
				GCC_NO_COMMON_BLOCKS = YES;
				GCC_WARN_64_TO_32_BIT_CONVERSION = YES;
				GCC_WARN_ABOUT_RETURN_TYPE = YES_ERROR;
				GCC_WARN_UNDECLARED_SELECTOR = YES;
				GCC_WARN_UNINITIALIZED_AUTOS = YES_AGGRESSIVE;
				GCC_WARN_UNUSED_FUNCTION = YES;
				GCC_WARN_UNUSED_VARIABLE = YES;
				IPHONEOS_DEPLOYMENT_TARGET = 10.0;
				MTL_ENABLE_DEBUG_INFO = NO;
				SDKROOT = iphoneos;
				SWIFT_OPTIMIZATION_LEVEL = "-Owholemodule";
				VALIDATE_PRODUCT = YES;
			};
			name = Release;
		};
		5E0B5B5C1DB5D15200565BAC /* Debug */ = {
			isa = XCBuildConfiguration;
			buildSettings = {
				ASSETCATALOG_COMPILER_APPICON_NAME = AppIcon;
				CLANG_ENABLE_MODULES = YES;
				DEVELOPMENT_TEAM = Y9BC25E7GB;
				INFOPLIST_FILE = "$(SRCROOT)/Clothing/SupportingFiles/Info.plist";
				LD_RUNPATH_SEARCH_PATHS = "$(inherited) @executable_path/Frameworks";
				PRODUCT_BUNDLE_IDENTIFIER = com.rycbn;
				PRODUCT_NAME = "$(TARGET_NAME)";
				SWIFT_OBJC_BRIDGING_HEADER = "Clothing/SupportingFiles/Clothing-Bridging-Header.h";
				SWIFT_OPTIMIZATION_LEVEL = "-Onone";
				SWIFT_VERSION = 3.0;
			};
			name = Debug;
		};
		5E0B5B5D1DB5D15200565BAC /* Release */ = {
			isa = XCBuildConfiguration;
			buildSettings = {
				ASSETCATALOG_COMPILER_APPICON_NAME = AppIcon;
				CLANG_ENABLE_MODULES = YES;
				DEVELOPMENT_TEAM = Y9BC25E7GB;
				INFOPLIST_FILE = "$(SRCROOT)/Clothing/SupportingFiles/Info.plist";
				LD_RUNPATH_SEARCH_PATHS = "$(inherited) @executable_path/Frameworks";
				PRODUCT_BUNDLE_IDENTIFIER = com.rycbn;
				PRODUCT_NAME = "$(TARGET_NAME)";
				SWIFT_OBJC_BRIDGING_HEADER = "Clothing/SupportingFiles/Clothing-Bridging-Header.h";
				SWIFT_VERSION = 3.0;
			};
			name = Release;
		};
		5E0B5B5F1DB5D15200565BAC /* Debug */ = {
			isa = XCBuildConfiguration;
			buildSettings = {
				ALWAYS_EMBED_SWIFT_STANDARD_LIBRARIES = YES;
				BUNDLE_LOADER = "$(TEST_HOST)";
				CLANG_ENABLE_MODULES = YES;
				INFOPLIST_FILE = ClothingTests/Info.plist;
				LD_RUNPATH_SEARCH_PATHS = "$(inherited) @executable_path/Frameworks @loader_path/Frameworks";
				PRODUCT_BUNDLE_IDENTIFIER = rycbn.ClothingTests;
				PRODUCT_NAME = "$(TARGET_NAME)";
				SWIFT_OPTIMIZATION_LEVEL = "-Onone";
				SWIFT_VERSION = 3.0;
				TEST_HOST = "$(BUILT_PRODUCTS_DIR)/Clothing.app/Clothing";
			};
			name = Debug;
		};
		5E0B5B601DB5D15200565BAC /* Release */ = {
			isa = XCBuildConfiguration;
			buildSettings = {
				ALWAYS_EMBED_SWIFT_STANDARD_LIBRARIES = YES;
				BUNDLE_LOADER = "$(TEST_HOST)";
				CLANG_ENABLE_MODULES = YES;
				INFOPLIST_FILE = ClothingTests/Info.plist;
				LD_RUNPATH_SEARCH_PATHS = "$(inherited) @executable_path/Frameworks @loader_path/Frameworks";
				PRODUCT_BUNDLE_IDENTIFIER = rycbn.ClothingTests;
				PRODUCT_NAME = "$(TARGET_NAME)";
				SWIFT_VERSION = 3.0;
				TEST_HOST = "$(BUILT_PRODUCTS_DIR)/Clothing.app/Clothing";
			};
			name = Release;
		};
		5E0B5B621DB5D15200565BAC /* Debug */ = {
			isa = XCBuildConfiguration;
			buildSettings = {
				ALWAYS_EMBED_SWIFT_STANDARD_LIBRARIES = YES;
				INFOPLIST_FILE = ClothingUITests/Info.plist;
				LD_RUNPATH_SEARCH_PATHS = "$(inherited) @executable_path/Frameworks @loader_path/Frameworks";
				PRODUCT_BUNDLE_IDENTIFIER = rycbn.ClothingUITests;
				PRODUCT_NAME = "$(TARGET_NAME)";
				TEST_TARGET_NAME = Clothing;
			};
			name = Debug;
		};
		5E0B5B631DB5D15200565BAC /* Release */ = {
			isa = XCBuildConfiguration;
			buildSettings = {
				ALWAYS_EMBED_SWIFT_STANDARD_LIBRARIES = YES;
				INFOPLIST_FILE = ClothingUITests/Info.plist;
				LD_RUNPATH_SEARCH_PATHS = "$(inherited) @executable_path/Frameworks @loader_path/Frameworks";
				PRODUCT_BUNDLE_IDENTIFIER = rycbn.ClothingUITests;
				PRODUCT_NAME = "$(TARGET_NAME)";
				TEST_TARGET_NAME = Clothing;
			};
			name = Release;
		};
/* End XCBuildConfiguration section */

/* Begin XCConfigurationList section */
		5E0B5B291DB5D15200565BAC /* Build configuration list for PBXProject "Clothing" */ = {
			isa = XCConfigurationList;
			buildConfigurations = (
				5E0B5B591DB5D15200565BAC /* Debug */,
				5E0B5B5A1DB5D15200565BAC /* Release */,
			);
			defaultConfigurationIsVisible = 0;
			defaultConfigurationName = Release;
		};
		5E0B5B5B1DB5D15200565BAC /* Build configuration list for PBXNativeTarget "Clothing" */ = {
			isa = XCConfigurationList;
			buildConfigurations = (
				5E0B5B5C1DB5D15200565BAC /* Debug */,
				5E0B5B5D1DB5D15200565BAC /* Release */,
			);
			defaultConfigurationIsVisible = 0;
			defaultConfigurationName = Release;
		};
		5E0B5B5E1DB5D15200565BAC /* Build configuration list for PBXNativeTarget "ClothingTests" */ = {
			isa = XCConfigurationList;
			buildConfigurations = (
				5E0B5B5F1DB5D15200565BAC /* Debug */,
				5E0B5B601DB5D15200565BAC /* Release */,
			);
			defaultConfigurationIsVisible = 0;
			defaultConfigurationName = Release;
		};
		5E0B5B611DB5D15200565BAC /* Build configuration list for PBXNativeTarget "ClothingUITests" */ = {
			isa = XCConfigurationList;
			buildConfigurations = (
				5E0B5B621DB5D15200565BAC /* Debug */,
				5E0B5B631DB5D15200565BAC /* Release */,
			);
			defaultConfigurationIsVisible = 0;
			defaultConfigurationName = Release;
		};
/* End XCConfigurationList section */

/* Begin XCVersionGroup section */
		5E0B5BAC1DB610C300565BAC /* Clothing.xcdatamodeld */ = {
			isa = XCVersionGroup;
			children = (
				5E0B5BAD1DB610C300565BAC /* Clothing.xcdatamodel */,
			);
			currentVersion = 5E0B5BAD1DB610C300565BAC /* Clothing.xcdatamodel */;
			path = Clothing.xcdatamodeld;
			sourceTree = "<group>";
			versionGroupType = wrapper.xcdatamodel;
		};
/* End XCVersionGroup section */
	};
	rootObject = 5E0B5B261DB5D15200565BAC /* Project object */;
}
